
Microsoft Visual Studio Solution File, Format Version 12.00
# Visual Studio Version 17
VisualStudioVersion = 17.8.34309.116
MinimumVisualStudioVersion = 10.0.40219.1
Project("{FAE04EC0-301F-11D3-BF4B-00C04F79EFBC}") = "DataBaseFirstCrud", "DataBaseFirstCrud\DataBaseFirstCrud.csproj", "{DA07ED9D-AB44-49A1-BF06-BC112997A33E}"
EndProject
Global
	GlobalSection(SolutionConfigurationPlatforms) = preSolution
		Debug|Any CPU = Debug|Any CPU
		Release|Any CPU = Release|Any CPU
	EndGlobalSection
	GlobalSection(ProjectConfigurationPlatforms) = postSolution
		{DA07ED9D-AB44-49A1-BF06-BC112997A33E}.Debug|Any CPU.ActiveCfg = Debug|Any CPU
		{DA07ED9D-AB44-49A1-BF06-BC112997A33E}.Debug|Any CPU.Build.0 = Debug|Any CPU
		{DA07ED9D-AB44-49A1-BF06-BC112997A33E}.Release|Any CPU.ActiveCfg = Release|Any CPU
		{DA07ED9D-AB44-49A1-BF06-BC112997A33E}.Release|Any CPU.Build.0 = Release|Any CPU
	EndGlobalSection
	GlobalSection(SolutionProperties) = preSolution
		HideSolutionNode = FALSE
	EndGlobalSection
	GlobalSection(ExtensibilityGlobals) = postSolution
		SolutionGuid = {36560124-CFAB-4B0A-9B3E-38E8524F31C4}
	EndGlobalSection
EndGlobal
